
Microsoft Visual Studio Solution File, Format Version 12.00
# Visual Studio Version 16
VisualStudioVersion = 16.0.33529.622
MinimumVisualStudioVersion = 10.0.40219.1
Project("{FAE04EC0-301F-11D3-BF4B-00C04F79EFBC}") = "CrudAssignment", "CrudAssignment\CrudAssignment.csproj", "{C7B4DFB8-A577-449B-8FED-A5C5E1CD972E}"
EndProject
Global
	GlobalSection(SolutionConfigurationPlatforms) = preSolution
		Debug|Any CPU = Debug|Any CPU
		Release|Any CPU = Release|Any CPU
	EndGlobalSection
	GlobalSection(ProjectConfigurationPlatforms) = postSolution
		{C7B4DFB8-A577-449B-8FED-A5C5E1CD972E}.Debug|Any CPU.ActiveCfg = Debug|Any CPU
		{C7B4DFB8-A577-449B-8FED-A5C5E1CD972E}.Debug|Any CPU.Build.0 = Debug|Any CPU
		{C7B4DFB8-A577-449B-8FED-A5C5E1CD972E}.Release|Any CPU.ActiveCfg = Release|Any CPU
		{C7B4DFB8-A577-449B-8FED-A5C5E1CD972E}.Release|Any CPU.Build.0 = Release|Any CPU
	EndGlobalSection
	GlobalSection(SolutionProperties) = preSolution
		HideSolutionNode = FALSE
	EndGlobalSection
	GlobalSection(ExtensibilityGlobals) = postSolution
		SolutionGuid = {F738CD85-C773-45C8-B782-016BC682CF40}
	EndGlobalSection
EndGlobal
